
Microsoft Visual Studio Solution File, Format Version 12.00
# Visual Studio Version 16
VisualStudioVersion = 16.0.31105.61
MinimumVisualStudioVersion = 10.0.40219.1
Project("{FAE04EC0-301F-11D3-BF4B-00C04F79EFBC}") = "3dScanning", "opengl3\3dScanning.csproj", "{04AC0D58-47DA-4FF4-895A-166375C6BA66}"
EndProject
Project("{FAE04EC0-301F-11D3-BF4B-00C04F79EFBC}") = "SolveGLS", "..\..\equation-solver-master\SolveGLS.csproj", "{436AF803-1D5B-48FC-80F9-446CFABB6EA2}"
EndProject
Global
	GlobalSection(SolutionConfigurationPlatforms) = preSolution
		Debug|Any CPU = Debug|Any CPU
		Debug|x86 = Debug|x86
		Release|Any CPU = Release|Any CPU
		Release|x86 = Release|x86
	EndGlobalSection
	GlobalSection(ProjectConfigurationPlatforms) = postSolution
		{04AC0D58-47DA-4FF4-895A-166375C6BA66}.Debug|Any CPU.ActiveCfg = Debug|Any CPU
		{04AC0D58-47DA-4FF4-895A-166375C6BA66}.Debug|Any CPU.Build.0 = Debug|Any CPU
		{04AC0D58-47DA-4FF4-895A-166375C6BA66}.Debug|x86.ActiveCfg = Debug|Any CPU
		{04AC0D58-47DA-4FF4-895A-166375C6BA66}.Debug|x86.Build.0 = Debug|Any CPU
		{04AC0D58-47DA-4FF4-895A-166375C6BA66}.Release|Any CPU.ActiveCfg = Release|Any CPU
		{04AC0D58-47DA-4FF4-895A-166375C6BA66}.Release|Any CPU.Build.0 = Release|Any CPU
		{04AC0D58-47DA-4FF4-895A-166375C6BA66}.Release|x86.ActiveCfg = Release|Any CPU
		{04AC0D58-47DA-4FF4-895A-166375C6BA66}.Release|x86.Build.0 = Release|Any CPU
		{436AF803-1D5B-48FC-80F9-446CFABB6EA2}.Debug|Any CPU.ActiveCfg = Debug|x86
		{436AF803-1D5B-48FC-80F9-446CFABB6EA2}.Debug|x86.ActiveCfg = Debug|x86
		{436AF803-1D5B-48FC-80F9-446CFABB6EA2}.Debug|x86.Build.0 = Debug|x86
		{436AF803-1D5B-48FC-80F9-446CFABB6EA2}.Release|Any CPU.ActiveCfg = Release|x86
		{436AF803-1D5B-48FC-80F9-446CFABB6EA2}.Release|Any CPU.Build.0 = Release|x86
		{436AF803-1D5B-48FC-80F9-446CFABB6EA2}.Release|x86.ActiveCfg = Release|x86
		{436AF803-1D5B-48FC-80F9-446CFABB6EA2}.Release|x86.Build.0 = Release|x86
	EndGlobalSection
	GlobalSection(SolutionProperties) = preSolution
		HideSolutionNode = FALSE
	EndGlobalSection
	GlobalSection(ExtensibilityGlobals) = postSolution
		SolutionGuid = {B566C26F-D33B-4443-AE43-96A90AF95299}
	EndGlobalSection
EndGlobal
